
Microsoft Visual Studio Solution File, Format Version 12.00
# Visual Studio Version 17
VisualStudioVersion = 17.7.34024.191
MinimumVisualStudioVersion = 10.0.40219.1
Project("{8BC9CEB8-8B4A-11D0-8D11-00A0C91BC942}") = "SDLSimple", "SDLSimple\SDLSimple.vcxproj", "{D6E2BE31-AAE3-4B8B-BC37-ED786453C703}"
EndProject
Global
	GlobalSection(SolutionConfigurationPlatforms) = preSolution
		Debug|x64 = Debug|x64
		Debug|x86 = Debug|x86
		Release|x64 = Release|x64
		Release|x86 = Release|x86
	EndGlobalSection
	GlobalSection(ProjectConfigurationPlatforms) = postSolution
		{D6E2BE31-AAE3-4B8B-BC37-ED786453C703}.Debug|x64.ActiveCfg = Debug|x64
		{D6E2BE31-AAE3-4B8B-BC37-ED786453C703}.Debug|x64.Build.0 = Debug|x64
		{D6E2BE31-AAE3-4B8B-BC37-ED786453C703}.Debug|x86.ActiveCfg = Debug|Win32
		{D6E2BE31-AAE3-4B8B-BC37-ED786453C703}.Debug|x86.Build.0 = Debug|Win32
		{D6E2BE31-AAE3-4B8B-BC37-ED786453C703}.Release|x64.ActiveCfg = Release|x64
		{D6E2BE31-AAE3-4B8B-BC37-ED786453C703}.Release|x64.Build.0 = Release|x64
		{D6E2BE31-AAE3-4B8B-BC37-ED786453C703}.Release|x86.ActiveCfg = Release|Win32
		{D6E2BE31-AAE3-4B8B-BC37-ED786453C703}.Release|x86.Build.0 = Release|Win32
	EndGlobalSection
	GlobalSection(SolutionProperties) = preSolution
		HideSolutionNode = FALSE
	EndGlobalSection
	GlobalSection(ExtensibilityGlobals) = postSolution
		SolutionGuid = {0830F7FE-8613-415F-A5A6-AFD3DA3A71CC}
	EndGlobalSection
EndGlobal
